
Microsoft Visual Studio Solution File, Format Version 12.00
# Visual Studio Version 16
VisualStudioVersion = 16.0.30204.135
MinimumVisualStudioVersion = 10.0.40219.1
Project("{F184B08F-C81C-45F6-A57F-5ABD9991F28F}") = "PanelBuild_V1.1", "PanelBuild_V1.1\PanelBuild_V1.1.vbproj", "{B2475366-7383-4637-9263-34074F421F8F}"
EndProject
Global
	GlobalSection(SolutionConfigurationPlatforms) = preSolution
		Debug|Any CPU = Debug|Any CPU
		Release|Any CPU = Release|Any CPU
	EndGlobalSection
	GlobalSection(ProjectConfigurationPlatforms) = postSolution
		{B2475366-7383-4637-9263-34074F421F8F}.Debug|Any CPU.ActiveCfg = Debug|Any CPU
		{B2475366-7383-4637-9263-34074F421F8F}.Debug|Any CPU.Build.0 = Debug|Any CPU
		{B2475366-7383-4637-9263-34074F421F8F}.Release|Any CPU.ActiveCfg = Release|Any CPU
		{B2475366-7383-4637-9263-34074F421F8F}.Release|Any CPU.Build.0 = Release|Any CPU
	EndGlobalSection
	GlobalSection(SolutionProperties) = preSolution
		HideSolutionNode = FALSE
	EndGlobalSection
	GlobalSection(ExtensibilityGlobals) = postSolution
		SolutionGuid = {5E5C3AEB-A8DC-488C-9DED-865945B3D3AE}
	EndGlobalSection
EndGlobal
